
Microsoft Visual Studio Solution File, Format Version 12.00
# Visual Studio Version 17
VisualStudioVersion = 17.7.34018.315
MinimumVisualStudioVersion = 10.0.40219.1
Project("{9A19103F-16F7-4668-BE54-9A1E7A4F7556}") = "RealtimePPUR", "RealtimePPUR\RealtimePPUR.csproj", "{59B30752-412A-4493-8B05-8F8B27270E94}"
EndProject
Global
	GlobalSection(SolutionConfigurationPlatforms) = preSolution
		Debug|Any CPU = Debug|Any CPU
		Release|Any CPU = Release|Any CPU
	EndGlobalSection
	GlobalSection(ProjectConfigurationPlatforms) = postSolution
		{59B30752-412A-4493-8B05-8F8B27270E94}.Debug|Any CPU.ActiveCfg = Debug|Any CPU
		{59B30752-412A-4493-8B05-8F8B27270E94}.Debug|Any CPU.Build.0 = Debug|Any CPU
		{59B30752-412A-4493-8B05-8F8B27270E94}.Release|Any CPU.ActiveCfg = Release|Any CPU
		{59B30752-412A-4493-8B05-8F8B27270E94}.Release|Any CPU.Build.0 = Release|Any CPU
	EndGlobalSection
	GlobalSection(SolutionProperties) = preSolution
		HideSolutionNode = FALSE
	EndGlobalSection
	GlobalSection(ExtensibilityGlobals) = postSolution
		SolutionGuid = {AFCD44AA-CD54-4323-9356-3A460F7C3DD7}
	EndGlobalSection
EndGlobal
